
Microsoft Visual Studio Solution File, Format Version 12.00
# Visual Studio Version 16
VisualStudioVersion = 16.0.31424.327
MinimumVisualStudioVersion = 10.0.40219.1
Project("{FAE04EC0-301F-11D3-BF4B-00C04F79EFBC}") = "csharp_text_adventure", "csharp_text_adventure\csharp_text_adventure.csproj", "{292EE0E5-B454-400D-8037-BC8D0B601950}"
EndProject
Global
	GlobalSection(SolutionConfigurationPlatforms) = preSolution
		Debug|Any CPU = Debug|Any CPU
		Release|Any CPU = Release|Any CPU
	EndGlobalSection
	GlobalSection(ProjectConfigurationPlatforms) = postSolution
		{292EE0E5-B454-400D-8037-BC8D0B601950}.Debug|Any CPU.ActiveCfg = Debug|Any CPU
		{292EE0E5-B454-400D-8037-BC8D0B601950}.Debug|Any CPU.Build.0 = Debug|Any CPU
		{292EE0E5-B454-400D-8037-BC8D0B601950}.Release|Any CPU.ActiveCfg = Release|Any CPU
		{292EE0E5-B454-400D-8037-BC8D0B601950}.Release|Any CPU.Build.0 = Release|Any CPU
	EndGlobalSection
	GlobalSection(SolutionProperties) = preSolution
		HideSolutionNode = FALSE
	EndGlobalSection
	GlobalSection(ExtensibilityGlobals) = postSolution
		SolutionGuid = {10A52546-5E55-4C53-A648-7A2CC0755710}
	EndGlobalSection
EndGlobal
